
Microsoft Visual Studio Solution File, Format Version 12.00
# Visual Studio Version 17
VisualStudioVersion = 17.4.33213.308
MinimumVisualStudioVersion = 10.0.40219.1
Project("{9A19103F-16F7-4668-BE54-9A1E7A4F7556}") = "CoreBlog", "CoreBlog\CoreBlog.csproj", "{D2CEFE18-786F-46E8-9DFA-C67EAE4A6536}"
EndProject
Project("{FAE04EC0-301F-11D3-BF4B-00C04F79EFBC}") = "EntityLayer", "EntityLayer\EntityLayer.csproj", "{5A54639F-A411-41F0-AB1C-E3827A70C5E0}"
EndProject
Project("{FAE04EC0-301F-11D3-BF4B-00C04F79EFBC}") = "DataAccessLayer", "DataAccessLayer\DataAccessLayer.csproj", "{A6769B4E-E2AC-4CBA-97E9-F5DA3C541056}"
EndProject
Project("{FAE04EC0-301F-11D3-BF4B-00C04F79EFBC}") = "CoreLayer", "CoreLayer\CoreLayer.csproj", "{04B2911F-08C1-40B7-82B7-584F24D54E9E}"
EndProject
Project("{FAE04EC0-301F-11D3-BF4B-00C04F79EFBC}") = "BusinessLayer", "BusinessLayer\BusinessLayer.csproj", "{CFC0E207-33D2-4D73-956C-862E0EE21426}"
EndProject
Global
	GlobalSection(SolutionConfigurationPlatforms) = preSolution
		Debug|Any CPU = Debug|Any CPU
		Release|Any CPU = Release|Any CPU
	EndGlobalSection
	GlobalSection(ProjectConfigurationPlatforms) = postSolution
		{D2CEFE18-786F-46E8-9DFA-C67EAE4A6536}.Debug|Any CPU.ActiveCfg = Debug|Any CPU
		{D2CEFE18-786F-46E8-9DFA-C67EAE4A6536}.Debug|Any CPU.Build.0 = Debug|Any CPU
		{D2CEFE18-786F-46E8-9DFA-C67EAE4A6536}.Release|Any CPU.ActiveCfg = Release|Any CPU
		{D2CEFE18-786F-46E8-9DFA-C67EAE4A6536}.Release|Any CPU.Build.0 = Release|Any CPU
		{5A54639F-A411-41F0-AB1C-E3827A70C5E0}.Debug|Any CPU.ActiveCfg = Debug|Any CPU
		{5A54639F-A411-41F0-AB1C-E3827A70C5E0}.Debug|Any CPU.Build.0 = Debug|Any CPU
		{5A54639F-A411-41F0-AB1C-E3827A70C5E0}.Release|Any CPU.ActiveCfg = Release|Any CPU
		{5A54639F-A411-41F0-AB1C-E3827A70C5E0}.Release|Any CPU.Build.0 = Release|Any CPU
		{A6769B4E-E2AC-4CBA-97E9-F5DA3C541056}.Debug|Any CPU.ActiveCfg = Debug|Any CPU
		{A6769B4E-E2AC-4CBA-97E9-F5DA3C541056}.Debug|Any CPU.Build.0 = Debug|Any CPU
		{A6769B4E-E2AC-4CBA-97E9-F5DA3C541056}.Release|Any CPU.ActiveCfg = Release|Any CPU
		{A6769B4E-E2AC-4CBA-97E9-F5DA3C541056}.Release|Any CPU.Build.0 = Release|Any CPU
		{04B2911F-08C1-40B7-82B7-584F24D54E9E}.Debug|Any CPU.ActiveCfg = Debug|Any CPU
		{04B2911F-08C1-40B7-82B7-584F24D54E9E}.Debug|Any CPU.Build.0 = Debug|Any CPU
		{04B2911F-08C1-40B7-82B7-584F24D54E9E}.Release|Any CPU.ActiveCfg = Release|Any CPU
		{04B2911F-08C1-40B7-82B7-584F24D54E9E}.Release|Any CPU.Build.0 = Release|Any CPU
		{CFC0E207-33D2-4D73-956C-862E0EE21426}.Debug|Any CPU.ActiveCfg = Debug|Any CPU
		{CFC0E207-33D2-4D73-956C-862E0EE21426}.Debug|Any CPU.Build.0 = Debug|Any CPU
		{CFC0E207-33D2-4D73-956C-862E0EE21426}.Release|Any CPU.ActiveCfg = Release|Any CPU
		{CFC0E207-33D2-4D73-956C-862E0EE21426}.Release|Any CPU.Build.0 = Release|Any CPU
	EndGlobalSection
	GlobalSection(SolutionProperties) = preSolution
		HideSolutionNode = FALSE
	EndGlobalSection
	GlobalSection(ExtensibilityGlobals) = postSolution
		SolutionGuid = {C843716E-965B-45E8-9654-B41C697034BA}
	EndGlobalSection
EndGlobal
